
Microsoft Visual Studio Solution File, Format Version 12.00
# Visual Studio Version 16
VisualStudioVersion = 16.6.30114.105
MinimumVisualStudioVersion = 10.0.40219.1
Project("{9A19103F-16F7-4668-BE54-9A1E7A4F7556}") = "SetCalculations", "SetCalculations\SetCalculations.csproj", "{A4871CF7-36DD-405D-A5B8-AE01F3D2A32E}"
EndProject
Project("{9A19103F-16F7-4668-BE54-9A1E7A4F7556}") = "SetCalculations.Tests", "SetCalculations.Tests\SetCalculations.Tests.csproj", "{9B283FB5-EE49-411F-9E7B-2EAAB1DF3BF6}"
EndProject
Global
	GlobalSection(SolutionConfigurationPlatforms) = preSolution
		Debug|Any CPU = Debug|Any CPU
		Debug|x64 = Debug|x64
		Debug|x86 = Debug|x86
		Release|Any CPU = Release|Any CPU
		Release|x64 = Release|x64
		Release|x86 = Release|x86
	EndGlobalSection
	GlobalSection(ProjectConfigurationPlatforms) = postSolution
		{A4871CF7-36DD-405D-A5B8-AE01F3D2A32E}.Debug|Any CPU.ActiveCfg = Debug|Any CPU
		{A4871CF7-36DD-405D-A5B8-AE01F3D2A32E}.Debug|Any CPU.Build.0 = Debug|Any CPU
		{A4871CF7-36DD-405D-A5B8-AE01F3D2A32E}.Debug|x64.ActiveCfg = Debug|Any CPU
		{A4871CF7-36DD-405D-A5B8-AE01F3D2A32E}.Debug|x64.Build.0 = Debug|Any CPU
		{A4871CF7-36DD-405D-A5B8-AE01F3D2A32E}.Debug|x86.ActiveCfg = Debug|Any CPU
		{A4871CF7-36DD-405D-A5B8-AE01F3D2A32E}.Debug|x86.Build.0 = Debug|Any CPU
		{A4871CF7-36DD-405D-A5B8-AE01F3D2A32E}.Release|Any CPU.ActiveCfg = Release|Any CPU
		{A4871CF7-36DD-405D-A5B8-AE01F3D2A32E}.Release|Any CPU.Build.0 = Release|Any CPU
		{A4871CF7-36DD-405D-A5B8-AE01F3D2A32E}.Release|x64.ActiveCfg = Release|Any CPU
		{A4871CF7-36DD-405D-A5B8-AE01F3D2A32E}.Release|x64.Build.0 = Release|Any CPU
		{A4871CF7-36DD-405D-A5B8-AE01F3D2A32E}.Release|x86.ActiveCfg = Release|Any CPU
		{A4871CF7-36DD-405D-A5B8-AE01F3D2A32E}.Release|x86.Build.0 = Release|Any CPU
		{9B283FB5-EE49-411F-9E7B-2EAAB1DF3BF6}.Debug|Any CPU.ActiveCfg = Debug|Any CPU
		{9B283FB5-EE49-411F-9E7B-2EAAB1DF3BF6}.Debug|Any CPU.Build.0 = Debug|Any CPU
		{9B283FB5-EE49-411F-9E7B-2EAAB1DF3BF6}.Debug|x64.ActiveCfg = Debug|Any CPU
		{9B283FB5-EE49-411F-9E7B-2EAAB1DF3BF6}.Debug|x64.Build.0 = Debug|Any CPU
		{9B283FB5-EE49-411F-9E7B-2EAAB1DF3BF6}.Debug|x86.ActiveCfg = Debug|Any CPU
		{9B283FB5-EE49-411F-9E7B-2EAAB1DF3BF6}.Debug|x86.Build.0 = Debug|Any CPU
		{9B283FB5-EE49-411F-9E7B-2EAAB1DF3BF6}.Release|Any CPU.ActiveCfg = Release|Any CPU
		{9B283FB5-EE49-411F-9E7B-2EAAB1DF3BF6}.Release|Any CPU.Build.0 = Release|Any CPU
		{9B283FB5-EE49-411F-9E7B-2EAAB1DF3BF6}.Release|x64.ActiveCfg = Release|Any CPU
		{9B283FB5-EE49-411F-9E7B-2EAAB1DF3BF6}.Release|x64.Build.0 = Release|Any CPU
		{9B283FB5-EE49-411F-9E7B-2EAAB1DF3BF6}.Release|x86.ActiveCfg = Release|Any CPU
		{9B283FB5-EE49-411F-9E7B-2EAAB1DF3BF6}.Release|x86.Build.0 = Release|Any CPU
	EndGlobalSection
	GlobalSection(SolutionProperties) = preSolution
		HideSolutionNode = FALSE
	EndGlobalSection
	GlobalSection(ExtensibilityGlobals) = postSolution
		SolutionGuid = {3B29E600-E043-4696-BE14-DD49B732D19E}
	EndGlobalSection
EndGlobal
